
Microsoft Visual Studio Solution File, Format Version 12.00
# Visual Studio Version 18
VisualStudioVersion = 18.6.11828.311 oobstable
MinimumVisualStudioVersion = 10.0.40219.1
Project("{8BC9CEB8-8B4A-11D0-8D11-00A0C91BC942}") = "Game", "Game\DirectX.vcxproj", "{D74D377F-F66D-4FE6-B957-12AC3B2D00ED}"
	ProjectSection(ProjectDependencies) = postProject
		{D5A06DB3-5460-46E4-8D0D-39823C8D0D12} = {D5A06DB3-5460-46E4-8D0D-39823C8D0D12}
		{D801A1D8-1CAF-CE40-89B8-55D48072BA71} = {D801A1D8-1CAF-CE40-89B8-55D48072BA71}
		{9FFCFA50-2C7A-BA4E-9B94-0C0B485C5CB5} = {9FFCFA50-2C7A-BA4E-9B94-0C0B485C5CB5}
		{7DEE0732-F52F-6846-9E26-CAB27AA098F5} = {7DEE0732-F52F-6846-9E26-CAB27AA098F5}
		{EDAFA9B5-E723-4C02-9FE8-998CD822A808} = {EDAFA9B5-E723-4C02-9FE8-998CD822A808}
	EndProjectSection
EndProject
Project("{8BC9CEB8-8B4A-11D0-8D11-00A0C91BC942}") = "aqEngine", "aqEngine\Engine.vcxproj", "{D5A06DB3-5460-46E4-8D0D-39823C8D0D12}"
EndProject
Project("{8BC9CEB8-8B4A-11D0-8D11-00A0C91BC942}") = "GameUWP", "Game\GameUWP.vcxproj", "{B7E2B9A1-4C3D-4E5F-8A6B-9C0D1E2F3A4B}"
	ProjectSection(ProjectDependencies) = postProject
		{D5A06DB3-5460-46E4-8D0D-39823C8D0D12} = {D5A06DB3-5460-46E4-8D0D-39823C8D0D12}
		{D801A1D8-1CAF-CE40-89B8-55D48072BA71} = {D801A1D8-1CAF-CE40-89B8-55D48072BA71}
		{9FFCFA50-2C7A-BA4E-9B94-0C0B485C5CB5} = {9FFCFA50-2C7A-BA4E-9B94-0C0B485C5CB5}
		{7DEE0732-F52F-6846-9E26-CAB27AA098F5} = {7DEE0732-F52F-6846-9E26-CAB27AA098F5}
	EndProjectSection
EndProject
Project("{8BC9CEB8-8B4A-11D0-8D11-00A0C91BC942}") = "BulletCollision", "ThirdParty\BulletPhysics\src\BulletCollision\BulletCollision.vcxproj", "{D801A1D8-1CAF-CE40-89B8-55D48072BA71}"
EndProject
Project("{8BC9CEB8-8B4A-11D0-8D11-00A0C91BC942}") = "BulletDynamics", "ThirdParty\BulletPhysics\src\BulletDynamics\BulletDynamics.vcxproj", "{9FFCFA50-2C7A-BA4E-9B94-0C0B485C5CB5}"
EndProject
Project("{8BC9CEB8-8B4A-11D0-8D11-00A0C91BC942}") = "LinearMath", "ThirdParty\BulletPhysics\src\LinearMath\LinearMath.vcxproj", "{7DEE0732-F52F-6846-9E26-CAB27AA098F5}"
EndProject
Project("{8BC9CEB8-8B4A-11D0-8D11-00A0C91BC942}") = "imgui", "ThirdParty\imgui\imgui.vcxproj", "{EDAFA9B5-E723-4C02-9FE8-998CD822A808}"
EndProject
Global
	GlobalSection(SolutionConfigurationPlatforms) = preSolution
		Debug|ARM64 = Debug|ARM64
		Debug|x64 = Debug|x64
		Debug|x86 = Debug|x86
		DebugXbox|ARM64 = DebugXbox|ARM64
		DebugXbox|x64 = DebugXbox|x64
		DebugXbox|x86 = DebugXbox|x86
		Profile|ARM64 = Profile|ARM64
		Profile|x64 = Profile|x64
		Profile|x86 = Profile|x86
		Release|ARM64 = Release|ARM64
		Release|x64 = Release|x64
		Release|x86 = Release|x86
		ReleaseXbox|ARM64 = ReleaseXbox|ARM64
		ReleaseXbox|x64 = ReleaseXbox|x64
		ReleaseXbox|x86 = ReleaseXbox|x86
	EndGlobalSection
	GlobalSection(ProjectConfigurationPlatforms) = postSolution
		{D74D377F-F66D-4FE6-B957-12AC3B2D00ED}.Debug|ARM64.ActiveCfg = Debug|x64
		{D74D377F-F66D-4FE6-B957-12AC3B2D00ED}.Debug|ARM64.Build.0 = Debug|x64
		{D74D377F-F66D-4FE6-B957-12AC3B2D00ED}.Debug|x64.ActiveCfg = Debug|x64
		{D74D377F-F66D-4FE6-B957-12AC3B2D00ED}.Debug|x64.Build.0 = Debug|x64
		{D74D377F-F66D-4FE6-B957-12AC3B2D00ED}.Debug|x86.ActiveCfg = Debug|Win32
		{D74D377F-F66D-4FE6-B957-12AC3B2D00ED}.Debug|x86.Build.0 = Debug|Win32
		{D74D377F-F66D-4FE6-B957-12AC3B2D00ED}.DebugXbox|ARM64.ActiveCfg = Debug|x64
		{D74D377F-F66D-4FE6-B957-12AC3B2D00ED}.DebugXbox|x64.ActiveCfg = Debug|x64
		{D74D377F-F66D-4FE6-B957-12AC3B2D00ED}.DebugXbox|x86.ActiveCfg = Debug|x64
		{D74D377F-F66D-4FE6-B957-12AC3B2D00ED}.Profile|ARM64.ActiveCfg = Release|x64
		{D74D377F-F66D-4FE6-B957-12AC3B2D00ED}.Profile|ARM64.Build.0 = Release|x64
		{D74D377F-F66D-4FE6-B957-12AC3B2D00ED}.Profile|x64.ActiveCfg = Release|x64
		{D74D377F-F66D-4FE6-B957-12AC3B2D00ED}.Profile|x64.Build.0 = Release|x64
		{D74D377F-F66D-4FE6-B957-12AC3B2D00ED}.Profile|x86.ActiveCfg = Release|Win32
		{D74D377F-F66D-4FE6-B957-12AC3B2D00ED}.Profile|x86.Build.0 = Release|Win32
		{D74D377F-F66D-4FE6-B957-12AC3B2D00ED}.Release|ARM64.ActiveCfg = Release|x64
		{D74D377F-F66D-4FE6-B957-12AC3B2D00ED}.Release|ARM64.Build.0 = Release|x64
		{D74D377F-F66D-4FE6-B957-12AC3B2D00ED}.Release|x64.ActiveCfg = Release|x64
		{D74D377F-F66D-4FE6-B957-12AC3B2D00ED}.Release|x64.Build.0 = Release|x64
		{D74D377F-F66D-4FE6-B957-12AC3B2D00ED}.Release|x86.ActiveCfg = Release|Win32
		{D74D377F-F66D-4FE6-B957-12AC3B2D00ED}.Release|x86.Build.0 = Release|Win32
		{D74D377F-F66D-4FE6-B957-12AC3B2D00ED}.ReleaseXbox|ARM64.ActiveCfg = Release|x64
		{D74D377F-F66D-4FE6-B957-12AC3B2D00ED}.ReleaseXbox|x64.ActiveCfg = Release|x64
		{D74D377F-F66D-4FE6-B957-12AC3B2D00ED}.ReleaseXbox|x86.ActiveCfg = Release|x64
		{D5A06DB3-5460-46E4-8D0D-39823C8D0D12}.Debug|ARM64.ActiveCfg = Debug|x64
		{D5A06DB3-5460-46E4-8D0D-39823C8D0D12}.Debug|ARM64.Build.0 = Debug|x64
		{D5A06DB3-5460-46E4-8D0D-39823C8D0D12}.Debug|x64.ActiveCfg = Debug|x64
		{D5A06DB3-5460-46E4-8D0D-39823C8D0D12}.Debug|x64.Build.0 = Debug|x64
		{D5A06DB3-5460-46E4-8D0D-39823C8D0D12}.Debug|x86.ActiveCfg = Debug|Win32
		{D5A06DB3-5460-46E4-8D0D-39823C8D0D12}.Debug|x86.Build.0 = Debug|Win32
		{D5A06DB3-5460-46E4-8D0D-39823C8D0D12}.DebugXbox|ARM64.ActiveCfg = DebugXbox|x64
		{D5A06DB3-5460-46E4-8D0D-39823C8D0D12}.DebugXbox|ARM64.Build.0 = DebugXbox|x64
		{D5A06DB3-5460-46E4-8D0D-39823C8D0D12}.DebugXbox|x64.ActiveCfg = DebugXbox|x64
		{D5A06DB3-5460-46E4-8D0D-39823C8D0D12}.DebugXbox|x64.Build.0 = DebugXbox|x64
		{D5A06DB3-5460-46E4-8D0D-39823C8D0D12}.DebugXbox|x86.ActiveCfg = DebugXbox|x64
		{D5A06DB3-5460-46E4-8D0D-39823C8D0D12}.DebugXbox|x86.Build.0 = DebugXbox|x64
		{D5A06DB3-5460-46E4-8D0D-39823C8D0D12}.Profile|ARM64.ActiveCfg = Release|x64
		{D5A06DB3-5460-46E4-8D0D-39823C8D0D12}.Profile|ARM64.Build.0 = Release|x64
		{D5A06DB3-5460-46E4-8D0D-39823C8D0D12}.Profile|x64.ActiveCfg = Release|x64
		{D5A06DB3-5460-46E4-8D0D-39823C8D0D12}.Profile|x64.Build.0 = Release|x64
		{D5A06DB3-5460-46E4-8D0D-39823C8D0D12}.Profile|x86.ActiveCfg = Release|Win32
		{D5A06DB3-5460-46E4-8D0D-39823C8D0D12}.Profile|x86.Build.0 = Release|Win32
		{D5A06DB3-5460-46E4-8D0D-39823C8D0D12}.Release|ARM64.ActiveCfg = Release|x64
		{D5A06DB3-5460-46E4-8D0D-39823C8D0D12}.Release|ARM64.Build.0 = Release|x64
		{D5A06DB3-5460-46E4-8D0D-39823C8D0D12}.Release|x64.ActiveCfg = Release|x64
		{D5A06DB3-5460-46E4-8D0D-39823C8D0D12}.Release|x64.Build.0 = Release|x64
		{D5A06DB3-5460-46E4-8D0D-39823C8D0D12}.Release|x86.ActiveCfg = Release|Win32
		{D5A06DB3-5460-46E4-8D0D-39823C8D0D12}.Release|x86.Build.0 = Release|Win32
		{D5A06DB3-5460-46E4-8D0D-39823C8D0D12}.ReleaseXbox|ARM64.ActiveCfg = ReleaseXbox|x64
		{D5A06DB3-5460-46E4-8D0D-39823C8D0D12}.ReleaseXbox|ARM64.Build.0 = ReleaseXbox|x64
		{D5A06DB3-5460-46E4-8D0D-39823C8D0D12}.ReleaseXbox|x64.ActiveCfg = ReleaseXbox|x64
		{D5A06DB3-5460-46E4-8D0D-39823C8D0D12}.ReleaseXbox|x64.Build.0 = ReleaseXbox|x64
		{D5A06DB3-5460-46E4-8D0D-39823C8D0D12}.ReleaseXbox|x86.ActiveCfg = ReleaseXbox|x64
		{D5A06DB3-5460-46E4-8D0D-39823C8D0D12}.ReleaseXbox|x86.Build.0 = ReleaseXbox|x64
		{D801A1D8-1CAF-CE40-89B8-55D48072BA71}.Debug|ARM64.ActiveCfg = Debug|x64
		{D801A1D8-1CAF-CE40-89B8-55D48072BA71}.Debug|ARM64.Build.0 = Debug|x64
		{D801A1D8-1CAF-CE40-89B8-55D48072BA71}.Debug|x64.ActiveCfg = Debug|x64
		{D801A1D8-1CAF-CE40-89B8-55D48072BA71}.Debug|x64.Build.0 = Debug|x64
		{D801A1D8-1CAF-CE40-89B8-55D48072BA71}.Debug|x86.ActiveCfg = Debug|Win32
		{D801A1D8-1CAF-CE40-89B8-55D48072BA71}.Debug|x86.Build.0 = Debug|Win32
		{D801A1D8-1CAF-CE40-89B8-55D48072BA71}.DebugXbox|ARM64.ActiveCfg = DebugXbox|x64
		{D801A1D8-1CAF-CE40-89B8-55D48072BA71}.DebugXbox|ARM64.Build.0 = DebugXbox|x64
		{D801A1D8-1CAF-CE40-89B8-55D48072BA71}.DebugXbox|x64.ActiveCfg = DebugXbox|x64
		{D801A1D8-1CAF-CE40-89B8-55D48072BA71}.DebugXbox|x64.Build.0 = DebugXbox|x64
		{D801A1D8-1CAF-CE40-89B8-55D48072BA71}.DebugXbox|x86.ActiveCfg = DebugXbox|x64
		{D801A1D8-1CAF-CE40-89B8-55D48072BA71}.DebugXbox|x86.Build.0 = DebugXbox|x64
		{D801A1D8-1CAF-CE40-89B8-55D48072BA71}.Profile|ARM64.ActiveCfg = Debug|x64
		{D801A1D8-1CAF-CE40-89B8-55D48072BA71}.Profile|ARM64.Build.0 = Debug|x64
		{D801A1D8-1CAF-CE40-89B8-55D48072BA71}.Profile|x64.ActiveCfg = Debug|x64
		{D801A1D8-1CAF-CE40-89B8-55D48072BA71}.Profile|x64.Build.0 = Debug|x64
		{D801A1D8-1CAF-CE40-89B8-55D48072BA71}.Profile|x86.ActiveCfg = Debug|Win32
		{D801A1D8-1CAF-CE40-89B8-55D48072BA71}.Profile|x86.Build.0 = Debug|Win32
		{D801A1D8-1CAF-CE40-89B8-55D48072BA71}.Release|ARM64.ActiveCfg = Release|x64
		{D801A1D8-1CAF-CE40-89B8-55D48072BA71}.Release|ARM64.Build.0 = Release|x64
		{D801A1D8-1CAF-CE40-89B8-55D48072BA71}.Release|x64.ActiveCfg = Release|x64
		{D801A1D8-1CAF-CE40-89B8-55D48072BA71}.Release|x64.Build.0 = Release|x64
		{D801A1D8-1CAF-CE40-89B8-55D48072BA71}.Release|x86.ActiveCfg = Release|Win32
		{D801A1D8-1CAF-CE40-89B8-55D48072BA71}.Release|x86.Build.0 = Release|Win32
		{D801A1D8-1CAF-CE40-89B8-55D48072BA71}.ReleaseXbox|ARM64.ActiveCfg = ReleaseXbox|x64
		{D801A1D8-1CAF-CE40-89B8-55D48072BA71}.ReleaseXbox|ARM64.Build.0 = ReleaseXbox|x64
		{D801A1D8-1CAF-CE40-89B8-55D48072BA71}.ReleaseXbox|x64.ActiveCfg = ReleaseXbox|x64
		{D801A1D8-1CAF-CE40-89B8-55D48072BA71}.ReleaseXbox|x64.Build.0 = ReleaseXbox|x64
		{D801A1D8-1CAF-CE40-89B8-55D48072BA71}.ReleaseXbox|x86.ActiveCfg = ReleaseXbox|x64
		{D801A1D8-1CAF-CE40-89B8-55D48072BA71}.ReleaseXbox|x86.Build.0 = ReleaseXbox|x64
		{9FFCFA50-2C7A-BA4E-9B94-0C0B485C5CB5}.Debug|ARM64.ActiveCfg = Debug|x64
		{9FFCFA50-2C7A-BA4E-9B94-0C0B485C5CB5}.Debug|ARM64.Build.0 = Debug|x64
		{9FFCFA50-2C7A-BA4E-9B94-0C0B485C5CB5}.Debug|x64.ActiveCfg = Debug|x64
		{9FFCFA50-2C7A-BA4E-9B94-0C0B485C5CB5}.Debug|x64.Build.0 = Debug|x64
		{9FFCFA50-2C7A-BA4E-9B94-0C0B485C5CB5}.Debug|x86.ActiveCfg = Debug|Win32
		{9FFCFA50-2C7A-BA4E-9B94-0C0B485C5CB5}.Debug|x86.Build.0 = Debug|Win32
		{9FFCFA50-2C7A-BA4E-9B94-0C0B485C5CB5}.DebugXbox|ARM64.ActiveCfg = DebugXbox|x64
		{9FFCFA50-2C7A-BA4E-9B94-0C0B485C5CB5}.DebugXbox|ARM64.Build.0 = DebugXbox|x64
		{9FFCFA50-2C7A-BA4E-9B94-0C0B485C5CB5}.DebugXbox|x64.ActiveCfg = DebugXbox|x64
		{9FFCFA50-2C7A-BA4E-9B94-0C0B485C5CB5}.DebugXbox|x64.Build.0 = DebugXbox|x64
		{9FFCFA50-2C7A-BA4E-9B94-0C0B485C5CB5}.DebugXbox|x86.ActiveCfg = DebugXbox|x64
		{9FFCFA50-2C7A-BA4E-9B94-0C0B485C5CB5}.DebugXbox|x86.Build.0 = DebugXbox|x64
		{9FFCFA50-2C7A-BA4E-9B94-0C0B485C5CB5}.Profile|ARM64.ActiveCfg = Debug|x64
		{9FFCFA50-2C7A-BA4E-9B94-0C0B485C5CB5}.Profile|ARM64.Build.0 = Debug|x64
		{9FFCFA50-2C7A-BA4E-9B94-0C0B485C5CB5}.Profile|x64.ActiveCfg = Debug|x64
		{9FFCFA50-2C7A-BA4E-9B94-0C0B485C5CB5}.Profile|x64.Build.0 = Debug|x64
		{9FFCFA50-2C7A-BA4E-9B94-0C0B485C5CB5}.Profile|x86.ActiveCfg = Debug|Win32
		{9FFCFA50-2C7A-BA4E-9B94-0C0B485C5CB5}.Profile|x86.Build.0 = Debug|Win32
		{9FFCFA50-2C7A-BA4E-9B94-0C0B485C5CB5}.Release|ARM64.ActiveCfg = Release|x64
		{9FFCFA50-2C7A-BA4E-9B94-0C0B485C5CB5}.Release|ARM64.Build.0 = Release|x64
		{9FFCFA50-2C7A-BA4E-9B94-0C0B485C5CB5}.Release|x64.ActiveCfg = Release|x64
		{9FFCFA50-2C7A-BA4E-9B94-0C0B485C5CB5}.Release|x64.Build.0 = Release|x64
		{9FFCFA50-2C7A-BA4E-9B94-0C0B485C5CB5}.Release|x86.ActiveCfg = Release|Win32
		{9FFCFA50-2C7A-BA4E-9B94-0C0B485C5CB5}.Release|x86.Build.0 = Release|Win32
		{9FFCFA50-2C7A-BA4E-9B94-0C0B485C5CB5}.ReleaseXbox|ARM64.ActiveCfg = ReleaseXbox|x64
		{9FFCFA50-2C7A-BA4E-9B94-0C0B485C5CB5}.ReleaseXbox|ARM64.Build.0 = ReleaseXbox|x64
		{9FFCFA50-2C7A-BA4E-9B94-0C0B485C5CB5}.ReleaseXbox|x64.ActiveCfg = ReleaseXbox|x64
		{9FFCFA50-2C7A-BA4E-9B94-0C0B485C5CB5}.ReleaseXbox|x64.Build.0 = ReleaseXbox|x64
		{9FFCFA50-2C7A-BA4E-9B94-0C0B485C5CB5}.ReleaseXbox|x86.ActiveCfg = ReleaseXbox|x64
		{9FFCFA50-2C7A-BA4E-9B94-0C0B485C5CB5}.ReleaseXbox|x86.Build.0 = ReleaseXbox|x64
		{7DEE0732-F52F-6846-9E26-CAB27AA098F5}.Debug|ARM64.ActiveCfg = Debug|x64
		{7DEE0732-F52F-6846-9E26-CAB27AA098F5}.Debug|ARM64.Build.0 = Debug|x64
		{7DEE0732-F52F-6846-9E26-CAB27AA098F5}.Debug|x64.ActiveCfg = Debug|x64
		{7DEE0732-F52F-6846-9E26-CAB27AA098F5}.Debug|x64.Build.0 = Debug|x64
		{7DEE0732-F52F-6846-9E26-CAB27AA098F5}.Debug|x86.ActiveCfg = Debug|Win32
		{7DEE0732-F52F-6846-9E26-CAB27AA098F5}.Debug|x86.Build.0 = Debug|Win32
		{7DEE0732-F52F-6846-9E26-CAB27AA098F5}.DebugXbox|ARM64.ActiveCfg = DebugXbox|x64
		{7DEE0732-F52F-6846-9E26-CAB27AA098F5}.DebugXbox|ARM64.Build.0 = DebugXbox|x64
		{7DEE0732-F52F-6846-9E26-CAB27AA098F5}.DebugXbox|x64.ActiveCfg = DebugXbox|x64
		{7DEE0732-F52F-6846-9E26-CAB27AA098F5}.DebugXbox|x64.Build.0 = DebugXbox|x64
		{7DEE0732-F52F-6846-9E26-CAB27AA098F5}.DebugXbox|x86.ActiveCfg = DebugXbox|x64
		{7DEE0732-F52F-6846-9E26-CAB27AA098F5}.DebugXbox|x86.Build.0 = DebugXbox|x64
		{7DEE0732-F52F-6846-9E26-CAB27AA098F5}.Profile|ARM64.ActiveCfg = Debug|x64
		{7DEE0732-F52F-6846-9E26-CAB27AA098F5}.Profile|ARM64.Build.0 = Debug|x64
		{7DEE0732-F52F-6846-9E26-CAB27AA098F5}.Profile|x64.ActiveCfg = Debug|x64
		{7DEE0732-F52F-6846-9E26-CAB27AA098F5}.Profile|x64.Build.0 = Debug|x64
		{7DEE0732-F52F-6846-9E26-CAB27AA098F5}.Profile|x86.ActiveCfg = Debug|Win32
		{7DEE0732-F52F-6846-9E26-CAB27AA098F5}.Profile|x86.Build.0 = Debug|Win32
		{7DEE0732-F52F-6846-9E26-CAB27AA098F5}.Release|ARM64.ActiveCfg = Release|x64
		{7DEE0732-F52F-6846-9E26-CAB27AA098F5}.Release|ARM64.Build.0 = Release|x64
		{7DEE0732-F52F-6846-9E26-CAB27AA098F5}.Release|x64.ActiveCfg = Release|x64
		{7DEE0732-F52F-6846-9E26-CAB27AA098F5}.Release|x64.Build.0 = Release|x64
		{7DEE0732-F52F-6846-9E26-CAB27AA098F5}.Release|x86.ActiveCfg = Release|Win32
		{7DEE0732-F52F-6846-9E26-CAB27AA098F5}.Release|x86.Build.0 = Release|Win32
		{7DEE0732-F52F-6846-9E26-CAB27AA098F5}.ReleaseXbox|ARM64.ActiveCfg = ReleaseXbox|x64
		{7DEE0732-F52F-6846-9E26-CAB27AA098F5}.ReleaseXbox|ARM64.Build.0 = ReleaseXbox|x64
		{7DEE0732-F52F-6846-9E26-CAB27AA098F5}.ReleaseXbox|x64.ActiveCfg = ReleaseXbox|x64
		{7DEE0732-F52F-6846-9E26-CAB27AA098F5}.ReleaseXbox|x64.Build.0 = ReleaseXbox|x64
		{7DEE0732-F52F-6846-9E26-CAB27AA098F5}.ReleaseXbox|x86.ActiveCfg = ReleaseXbox|x64
		{7DEE0732-F52F-6846-9E26-CAB27AA098F5}.ReleaseXbox|x86.Build.0 = ReleaseXbox|x64
		{EDAFA9B5-E723-4C02-9FE8-998CD822A808}.Debug|ARM64.ActiveCfg = Debug|x64
		{EDAFA9B5-E723-4C02-9FE8-998CD822A808}.Debug|ARM64.Build.0 = Debug|x64
		{EDAFA9B5-E723-4C02-9FE8-998CD822A808}.Debug|x64.ActiveCfg = Debug|x64
		{EDAFA9B5-E723-4C02-9FE8-998CD822A808}.Debug|x64.Build.0 = Debug|x64
		{EDAFA9B5-E723-4C02-9FE8-998CD822A808}.Debug|x86.ActiveCfg = Debug|Win32
		{EDAFA9B5-E723-4C02-9FE8-998CD822A808}.Debug|x86.Build.0 = Debug|Win32
		{EDAFA9B5-E723-4C02-9FE8-998CD822A808}.DebugXbox|ARM64.ActiveCfg = DebugXbox|x64
		{EDAFA9B5-E723-4C02-9FE8-998CD822A808}.DebugXbox|ARM64.Build.0 = DebugXbox|x64
		{EDAFA9B5-E723-4C02-9FE8-998CD822A808}.DebugXbox|x64.ActiveCfg = DebugXbox|x64
		{EDAFA9B5-E723-4C02-9FE8-998CD822A808}.DebugXbox|x64.Build.0 = DebugXbox|x64
		{EDAFA9B5-E723-4C02-9FE8-998CD822A808}.DebugXbox|x86.ActiveCfg = DebugXbox|x64
		{EDAFA9B5-E723-4C02-9FE8-998CD822A808}.DebugXbox|x86.Build.0 = DebugXbox|x64
		{EDAFA9B5-E723-4C02-9FE8-998CD822A808}.Profile|ARM64.ActiveCfg = Release|x64
		{EDAFA9B5-E723-4C02-9FE8-998CD822A808}.Profile|ARM64.Build.0 = Release|x64
		{EDAFA9B5-E723-4C02-9FE8-998CD822A808}.Profile|x64.ActiveCfg = Release|x64
		{EDAFA9B5-E723-4C02-9FE8-998CD822A808}.Profile|x64.Build.0 = Release|x64
		{EDAFA9B5-E723-4C02-9FE8-998CD822A808}.Profile|x86.ActiveCfg = Release|Win32
		{EDAFA9B5-E723-4C02-9FE8-998CD822A808}.Profile|x86.Build.0 = Release|Win32
		{EDAFA9B5-E723-4C02-9FE8-998CD822A808}.Release|ARM64.ActiveCfg = Release|x64
		{EDAFA9B5-E723-4C02-9FE8-998CD822A808}.Release|ARM64.Build.0 = Release|x64
		{EDAFA9B5-E723-4C02-9FE8-998CD822A808}.Release|x64.ActiveCfg = Release|x64
		{EDAFA9B5-E723-4C02-9FE8-998CD822A808}.Release|x64.Build.0 = Release|x64
		{EDAFA9B5-E723-4C02-9FE8-998CD822A808}.Release|x86.ActiveCfg = Release|Win32
		{EDAFA9B5-E723-4C02-9FE8-998CD822A808}.Release|x86.Build.0 = Release|Win32
		{EDAFA9B5-E723-4C02-9FE8-998CD822A808}.ReleaseXbox|ARM64.ActiveCfg = ReleaseXbox|x64
		{EDAFA9B5-E723-4C02-9FE8-998CD822A808}.ReleaseXbox|ARM64.Build.0 = ReleaseXbox|x64
		{EDAFA9B5-E723-4C02-9FE8-998CD822A808}.ReleaseXbox|x64.ActiveCfg = ReleaseXbox|x64
		{EDAFA9B5-E723-4C02-9FE8-998CD822A808}.ReleaseXbox|x64.Build.0 = ReleaseXbox|x64
		{EDAFA9B5-E723-4C02-9FE8-998CD822A808}.ReleaseXbox|x86.ActiveCfg = ReleaseXbox|x64
		{EDAFA9B5-E723-4C02-9FE8-998CD822A808}.ReleaseXbox|x86.Build.0 = ReleaseXbox|x64
		{B7E2B9A1-4C3D-4E5F-8A6B-9C0D1E2F3A4B}.Debug|ARM64.ActiveCfg = DebugXbox|x64
		{B7E2B9A1-4C3D-4E5F-8A6B-9C0D1E2F3A4B}.Debug|x64.ActiveCfg = DebugXbox|x64
		{B7E2B9A1-4C3D-4E5F-8A6B-9C0D1E2F3A4B}.Debug|x86.ActiveCfg = DebugXbox|x64
		{B7E2B9A1-4C3D-4E5F-8A6B-9C0D1E2F3A4B}.DebugXbox|ARM64.ActiveCfg = DebugXbox|x64
		{B7E2B9A1-4C3D-4E5F-8A6B-9C0D1E2F3A4B}.DebugXbox|ARM64.Build.0 = DebugXbox|x64
		{B7E2B9A1-4C3D-4E5F-8A6B-9C0D1E2F3A4B}.DebugXbox|ARM64.Deploy.0 = DebugXbox|x64
		{B7E2B9A1-4C3D-4E5F-8A6B-9C0D1E2F3A4B}.DebugXbox|x64.ActiveCfg = DebugXbox|x64
		{B7E2B9A1-4C3D-4E5F-8A6B-9C0D1E2F3A4B}.DebugXbox|x64.Build.0 = DebugXbox|x64
		{B7E2B9A1-4C3D-4E5F-8A6B-9C0D1E2F3A4B}.DebugXbox|x64.Deploy.0 = DebugXbox|x64
		{B7E2B9A1-4C3D-4E5F-8A6B-9C0D1E2F3A4B}.DebugXbox|x86.ActiveCfg = DebugXbox|x64
		{B7E2B9A1-4C3D-4E5F-8A6B-9C0D1E2F3A4B}.DebugXbox|x86.Build.0 = DebugXbox|x64
		{B7E2B9A1-4C3D-4E5F-8A6B-9C0D1E2F3A4B}.DebugXbox|x86.Deploy.0 = DebugXbox|x64
		{B7E2B9A1-4C3D-4E5F-8A6B-9C0D1E2F3A4B}.Profile|ARM64.ActiveCfg = ReleaseXbox|x64
		{B7E2B9A1-4C3D-4E5F-8A6B-9C0D1E2F3A4B}.Profile|x64.ActiveCfg = ReleaseXbox|x64
		{B7E2B9A1-4C3D-4E5F-8A6B-9C0D1E2F3A4B}.Profile|x86.ActiveCfg = ReleaseXbox|x64
		{B7E2B9A1-4C3D-4E5F-8A6B-9C0D1E2F3A4B}.Release|ARM64.ActiveCfg = ReleaseXbox|x64
		{B7E2B9A1-4C3D-4E5F-8A6B-9C0D1E2F3A4B}.Release|x64.ActiveCfg = ReleaseXbox|x64
		{B7E2B9A1-4C3D-4E5F-8A6B-9C0D1E2F3A4B}.Release|x86.ActiveCfg = ReleaseXbox|x64
		{B7E2B9A1-4C3D-4E5F-8A6B-9C0D1E2F3A4B}.ReleaseXbox|ARM64.ActiveCfg = ReleaseXbox|x64
		{B7E2B9A1-4C3D-4E5F-8A6B-9C0D1E2F3A4B}.ReleaseXbox|ARM64.Build.0 = ReleaseXbox|x64
		{B7E2B9A1-4C3D-4E5F-8A6B-9C0D1E2F3A4B}.ReleaseXbox|ARM64.Deploy.0 = ReleaseXbox|x64
		{B7E2B9A1-4C3D-4E5F-8A6B-9C0D1E2F3A4B}.ReleaseXbox|x64.ActiveCfg = ReleaseXbox|x64
		{B7E2B9A1-4C3D-4E5F-8A6B-9C0D1E2F3A4B}.ReleaseXbox|x64.Build.0 = ReleaseXbox|x64
		{B7E2B9A1-4C3D-4E5F-8A6B-9C0D1E2F3A4B}.ReleaseXbox|x64.Deploy.0 = ReleaseXbox|x64
		{B7E2B9A1-4C3D-4E5F-8A6B-9C0D1E2F3A4B}.ReleaseXbox|x86.ActiveCfg = ReleaseXbox|x64
		{B7E2B9A1-4C3D-4E5F-8A6B-9C0D1E2F3A4B}.ReleaseXbox|x86.Build.0 = ReleaseXbox|x64
		{B7E2B9A1-4C3D-4E5F-8A6B-9C0D1E2F3A4B}.ReleaseXbox|x86.Deploy.0 = ReleaseXbox|x64
	EndGlobalSection
	GlobalSection(SolutionProperties) = preSolution
		HideSolutionNode = FALSE
	EndGlobalSection
	GlobalSection(ExtensibilityGlobals) = postSolution
		SolutionGuid = {EC18D1EE-FB42-41D8-B75E-79A45B5A2FDE}
	EndGlobalSection
EndGlobal
