<?xml version="1.0" encoding="utf-8"?>
<Project ToolsVersion="4.0" xmlns="http://schemas.microsoft.com/developer/msbuild/2003">
  <ItemGroup>
    <Filter Include="Component">
      <UniqueIdentifier>{f18c6081-967b-412a-9a63-05fc31ae981a}</UniqueIdentifier>
    </Filter>
    <Filter Include="Core">
      <UniqueIdentifier>{aa2d4d26-6a4c-4be4-83f5-6492d6f0c892}</UniqueIdentifier>
    </Filter>
    <Filter Include="ECS">
      <UniqueIdentifier>{d90cc128-47d8-4d9f-8ac5-59ba19967b65}</UniqueIdentifier>
    </Filter>
    <Filter Include="Graphics">
      <UniqueIdentifier>{d9b46fa0-fb3c-4aaa-949d-35794da9d000}</UniqueIdentifier>
    </Filter>
    <Filter Include="Graphics\D3D11">
      <UniqueIdentifier>{b3e7f1a2-c4d5-4e6f-8091-a2b3c4d5e6f7}</UniqueIdentifier>
    </Filter>
    <Filter Include="Graphics\D3D12">
      <UniqueIdentifier>{c5d6e7f8-a9b0-1c2d-3e4f-506172839405}</UniqueIdentifier>
    </Filter>
    <Filter Include="HID">
      <UniqueIdentifier>{8a076a85-db57-43bd-8ad9-3bd36c05730f}</UniqueIdentifier>
    </Filter>
    <Filter Include="Math">
      <UniqueIdentifier>{d82d44da-0ab1-4f75-adf2-fb752d3d839c}</UniqueIdentifier>
    </Filter>
    <Filter Include="Memory">
      <UniqueIdentifier>{e1f2a3b4-c5d6-7890-ef12-345678901234}</UniqueIdentifier>
    </Filter>
    <Filter Include="Ocean">
      <UniqueIdentifier>{e9f0a1b2-c3d4-e5f6-a7b8-c9d0e1f2a3b4}</UniqueIdentifier>
    </Filter>
    <Filter Include="Ocean\Debug">
      <UniqueIdentifier>{bc6cd81e-bad3-5694-9e03-6af27b7534d8}</UniqueIdentifier>
    </Filter>
    <Filter Include="Physics">
      <UniqueIdentifier>{c739d076-df44-472d-873f-202f105a6f6a}</UniqueIdentifier>
    </Filter>
    <Filter Include="Platform">
      <UniqueIdentifier>{f1a2b3c4-d5e6-47f8-9a0b-1c2d3e4f5a6b}</UniqueIdentifier>
    </Filter>
    <Filter Include="Sound">
      <UniqueIdentifier>{a7d1c2e3-4f50-4a6b-8c9d-0e1f2a3b4c5d}</UniqueIdentifier>
    </Filter>
    <Filter Include="Sound\Decoder">
      <UniqueIdentifier>{b8e2d3f4-5061-4b7c-9d0e-1f2a3b4c5d6e}</UniqueIdentifier>
    </Filter>
    <Filter Include="Sound\XAudio2">
      <UniqueIdentifier>{c9f3e405-6172-4c8d-ae1f-2a3b4c5d6e7f}</UniqueIdentifier>
    </Filter>
    <Filter Include="Sound\Video">
      <UniqueIdentifier>{a3d72849-05b6-4ec2-d364-6f8091a2b3c4}</UniqueIdentifier>
    </Filter>
    <Filter Include="Sound\Component">
      <UniqueIdentifier>{d0a4f516-7283-4d9e-bf20-3b4c5d6e7f80}</UniqueIdentifier>
    </Filter>
    <Filter Include="Sound\Authoring">
      <UniqueIdentifier>{e1b50627-8394-4ea0-c031-4c5d6e7f8091}</UniqueIdentifier>
    </Filter>
    <Filter Include="Sound\Authoring\Debug">
      <UniqueIdentifier>{f2c61738-94a5-4fb1-d142-5d6e7f8091a2}</UniqueIdentifier>
    </Filter>
    <Filter Include="Rendering">
      <UniqueIdentifier>{a1b2c3d4-e5f6-7890-abcd-ef1234567890}</UniqueIdentifier>
    </Filter>
    <Filter Include="Rendering\Debug">
      <UniqueIdentifier>{c7ee6125-964c-5e9e-b0a1-a5440e29c2e6}</UniqueIdentifier>
    </Filter>
    <Filter Include="Rendering\Deferred">
      <UniqueIdentifier>{b2c3d4e5-f6a7-8901-bcde-f01234567890}</UniqueIdentifier>
    </Filter>
    <Filter Include="Rendering\Deferred\Debug">
      <UniqueIdentifier>{cef4523d-857c-5040-8789-acd14781a42f}</UniqueIdentifier>
    </Filter>
    <Filter Include="Rendering\Occlusion">
      <UniqueIdentifier>{a1b2c3d4-e5f6-7890-abcd-ef0123456789}</UniqueIdentifier>
    </Filter>
    <Filter Include="Rendering\Occlusion\Debug">
      <UniqueIdentifier>{567e3a9e-f939-5e52-a500-73e8b61a5aa2}</UniqueIdentifier>
    </Filter>
    <Filter Include="Rendering\PostProcess">
      <UniqueIdentifier>{a1e2f3b4-c5d6-7890-ef12-34567890abcd}</UniqueIdentifier>
    </Filter>
    <Filter Include="Rendering\PostProcess\Debug">
      <UniqueIdentifier>{f4a1bad1-f13e-5e67-b46a-1f7a26e3d634}</UniqueIdentifier>
    </Filter>
    <Filter Include="Rendering\Shadow">
      <UniqueIdentifier>{f0e1d2c3-b4a5-9678-01ef-234567890abc}</UniqueIdentifier>
    </Filter>
    <Filter Include="Rendering\Shadow\Debug">
      <UniqueIdentifier>{f567c67a-8bc6-566c-9b12-2e147c53ce83}</UniqueIdentifier>
    </Filter>
    <Filter Include="Resource">
      <UniqueIdentifier>{0dd3f527-688b-4000-a85f-54637f175461}</UniqueIdentifier>
    </Filter>
    <Filter Include="Terrain">
      <UniqueIdentifier>{a7b8c9d0-e1f2-3456-789a-bcdef0123456}</UniqueIdentifier>
    </Filter>
    <Filter Include="UI">
      <UniqueIdentifier>{11223344-5566-7788-99aa-bbccddeeff00}</UniqueIdentifier>
    </Filter>
    <Filter Include="UI\Animation">
      <UniqueIdentifier>{22334455-6677-8899-aabb-ccddeeff0011}</UniqueIdentifier>
    </Filter>
    <Filter Include="UI\Component">
      <UniqueIdentifier>{33445566-7788-99aa-bbcc-ddeeff001122}</UniqueIdentifier>
    </Filter>
    <Filter Include="UI\Debug">
      <UniqueIdentifier>{8899bbcc-ddee-ff00-1122-334455667788}</UniqueIdentifier>
    </Filter>
    <Filter Include="UI\Font">
      <UniqueIdentifier>{5fc2e025-7df4-5f15-a524-8bf4da076873}</UniqueIdentifier>
    </Filter>
    <Filter Include="UI\Input">
      <UniqueIdentifier>{44556677-8899-aabb-ccdd-eeff00112233}</UniqueIdentifier>
    </Filter>
    <Filter Include="UI\Rendering">
      <UniqueIdentifier>{55667788-99aa-bbcc-ddee-ff0011223344}</UniqueIdentifier>
    </Filter>
    <Filter Include="UI\Resource">
      <UniqueIdentifier>{66778899-aabb-ccdd-eeff-001122334455}</UniqueIdentifier>
    </Filter>
    <Filter Include="UI\Screen">
      <UniqueIdentifier>{7788aabb-ccdd-eeff-0011-223344556677}</UniqueIdentifier>
    </Filter>
    <Filter Include="Util">
      <UniqueIdentifier>{ec0fba07-4c22-4637-9849-565ebf6dd4aa}</UniqueIdentifier>
    </Filter>
    <Filter Include="Util\Debug">
      <UniqueIdentifier>{b1f6d622-ea1e-50eb-a2a1-276f1998dacc}</UniqueIdentifier>
    </Filter>
  </ItemGroup>
  <ItemGroup>
    <ClCompile Include="aq.cpp" />
    <ClCompile Include="Core\Application.cpp">
      <Filter>Core</Filter>
    </ClCompile>
    <ClCompile Include="Core\DebugUI.cpp">
      <Filter>Core</Filter>
    </ClCompile>
    <ClCompile Include="Component\AnimationComponentSystem.cpp">
      <Filter>Component</Filter>
    </ClCompile>
    <ClCompile Include="Component\BodyComponentSystem.cpp">
      <Filter>Component</Filter>
    </ClCompile>
    <ClCompile Include="Component\DecalComponent.cpp">
      <Filter>Component</Filter>
    </ClCompile>
    <ClCompile Include="Component\TransformComponentSystem.cpp">
      <Filter>Component</Filter>
    </ClCompile>
    <ClCompile Include="Component\HierarchicalTransformComponent.cpp">
      <Filter>Component</Filter>
    </ClCompile>
    <ClCompile Include="Component\Prefab.cpp">
      <Filter>Component</Filter>
    </ClCompile>
    <ClCompile Include="ECS\Chunk.cpp">
      <Filter>ECS</Filter>
    </ClCompile>
    <ClCompile Include="ECS\ComponentRegistry.cpp">
      <Filter>ECS</Filter>
    </ClCompile>
    <ClCompile Include="ECS\SceneHierarchySystem.cpp">
      <Filter>ECS</Filter>
    </ClCompile>
    <ClCompile Include="ECS\EntityContext.cpp">
      <Filter>ECS</Filter>
    </ClCompile>
    <ClCompile Include="ECS\EntityManager.cpp">
      <Filter>ECS</Filter>
    </ClCompile>
    <ClCompile Include="ECS\System.cpp">
      <Filter>ECS</Filter>
    </ClCompile>
    <ClCompile Include="Engine.cpp" />
    <ClCompile Include="Platform\PlatformWin32.cpp">
      <Filter>Platform</Filter>
    </ClCompile>
    <ClCompile Include="Memory\MemoryManager.cpp">
      <Filter>Memory</Filter>
    </ClCompile>
    <ClCompile Include="Memory\MemoryTracker.cpp">
      <Filter>Memory</Filter>
    </ClCompile>
    <ClCompile Include="Memory\GlobalNew.cpp">
      <Filter>Memory</Filter>
    </ClCompile>
    <ClCompile Include="Graphics\Camera.cpp">
      <Filter>Graphics</Filter>
    </ClCompile>
    <ClCompile Include="Graphics\LightManager.cpp">
      <Filter>Graphics</Filter>
    </ClCompile>
    <ClCompile Include="Graphics\RenderContext.cpp">
      <Filter>Graphics</Filter>
    </ClCompile>
    <ClCompile Include="Graphics\Shader.cpp">
      <Filter>Graphics</Filter>
    </ClCompile>
    <ClCompile Include="Graphics\AnimationClip.cpp">
      <Filter>Graphics</Filter>
    </ClCompile>
    <ClCompile Include="Graphics\Meshlet.cpp">
      <Filter>Graphics</Filter>
    </ClCompile>
    <ClCompile Include="Graphics\SkeletalMesh.cpp">
      <Filter>Graphics</Filter>
    </ClCompile>
    <ClCompile Include="Graphics\D3D11\D3D11Buffers.cpp">
      <Filter>Graphics\D3D11</Filter>
    </ClCompile>
    <ClCompile Include="Graphics\D3D11\D3D11Shader.cpp">
      <Filter>Graphics\D3D11</Filter>
    </ClCompile>
    <ClCompile Include="Graphics\StaticMesh.cpp">
      <Filter>Graphics</Filter>
    </ClCompile>
    <ClCompile Include="HID\ActionMap.cpp">
      <Filter>HID</Filter>
    </ClCompile>
    <ClCompile Include="HID\Input.cpp">
      <Filter>HID</Filter>
    </ClCompile>
    <ClCompile Include="Util\GameTimer.cpp">
      <Filter>Util</Filter>
    </ClCompile>
    <ClCompile Include="Util\JobSystem.cpp">
      <Filter>Util</Filter>
    </ClCompile>
    <ClCompile Include="Util\Profiler.cpp">
      <Filter>Util</Filter>
    </ClCompile>
    <ClCompile Include="Util\Debug\ProfilerDebugPanel.cpp">
      <Filter>Util\Debug</Filter>
    </ClCompile>
    <ClCompile Include="Util\ThreadPool.cpp">
      <Filter>Util</Filter>
    </ClCompile>
    <ClCompile Include="Graphics\GraphicsDevice.cpp">
      <Filter>Graphics</Filter>
    </ClCompile>
    <ClCompile Include="Graphics\D3D11\D3D11GraphicsDeviceImpl.cpp">
      <Filter>Graphics\D3D11</Filter>
    </ClCompile>
    <ClCompile Include="Graphics\D3D11\D3D11RenderContextImpl.cpp">
      <Filter>Graphics\D3D11</Filter>
    </ClCompile>
    <ClCompile Include="Graphics\D3D12\D3D12Buffers.cpp">
      <Filter>Graphics\D3D12</Filter>
    </ClCompile>
    <ClCompile Include="Graphics\D3D12\D3D12GraphicsDeviceImpl.cpp">
      <Filter>Graphics\D3D12</Filter>
    </ClCompile>
    <ClCompile Include="Graphics\D3D12\D3D12PipelineStateCache.cpp">
      <Filter>Graphics\D3D12</Filter>
    </ClCompile>
    <ClCompile Include="Graphics\D3D12\D3D12RootSignature.cpp">
      <Filter>Graphics\D3D12</Filter>
    </ClCompile>
    <ClCompile Include="Graphics\D3D12\D3D12GpuBuffer.cpp">
      <Filter>Graphics\D3D12</Filter>
    </ClCompile>
    <ClCompile Include="Graphics\D3D12\D3D12RenderContextImpl.cpp">
      <Filter>Graphics\D3D12</Filter>
    </ClCompile>
    <ClCompile Include="Graphics\D3D12\D3D12DepthMap.cpp">
      <Filter>Graphics\D3D12</Filter>
    </ClCompile>
    <ClCompile Include="Graphics\D3D12\D3D12ImGui.cpp">
      <Filter>Graphics\D3D12</Filter>
    </ClCompile>
    <ClCompile Include="Graphics\D3D12\D3D12RenderTarget.cpp">
      <Filter>Graphics\D3D12</Filter>
    </ClCompile>
    <ClCompile Include="Graphics\D3D12\D3D12Resources.cpp">
      <Filter>Graphics\D3D12</Filter>
    </ClCompile>
    <ClCompile Include="Graphics\D3D12\D3D12Shader.cpp">
      <Filter>Graphics\D3D12</Filter>
    </ClCompile>
    <ClCompile Include="Graphics\D3D11\D3D11Resources.cpp">
      <Filter>Graphics\D3D11</Filter>
    </ClCompile>
    <ClCompile Include="Graphics\D3D11\D3D11DepthMap.cpp">
      <Filter>Graphics\D3D11</Filter>
    </ClCompile>
    <ClCompile Include="Math\Matrix.cpp">
      <Filter>Math</Filter>
    </ClCompile>
    <ClCompile Include="Math\Vector.cpp">
      <Filter>Math</Filter>
    </ClCompile>
    <ClCompile Include="Physics\BulletPhysics.cpp">
      <Filter>Physics</Filter>
    </ClCompile>
    <ClCompile Include="Physics\Collider.cpp">
      <Filter>Physics</Filter>
    </ClCompile>
    <ClCompile Include="Physics\Physics.cpp">
      <Filter>Physics</Filter>
    </ClCompile>
    <ClCompile Include="Physics\PhysicsBody.cpp">
      <Filter>Physics</Filter>
    </ClCompile>
    <ClCompile Include="Physics\GhostBody.cpp">
      <Filter>Physics</Filter>
    </ClCompile>
    <ClCompile Include="Physics\GhostBodyManager.cpp">
      <Filter>Physics</Filter>
    </ClCompile>
    <ClCompile Include="Physics\BulletGhostNarrowphase.cpp">
      <Filter>Physics</Filter>
    </ClCompile>
    <ClCompile Include="Physics\CharacterController.cpp">
      <Filter>Physics</Filter>
    </ClCompile>
    <ClCompile Include="Resource\Resource.cpp">
      <Filter>Resource</Filter>
    </ClCompile>
    <ClCompile Include="Rendering\DrawItemCommand.cpp">
      <Filter>Rendering</Filter>
    </ClCompile>
    <ClCompile Include="Rendering\FrameCommands.cpp">
      <Filter>Rendering</Filter>
    </ClCompile>
    <ClCompile Include="Rendering\FrameContext.cpp">
      <Filter>Rendering</Filter>
    </ClCompile>
    <ClCompile Include="Rendering\RenderCommandList.cpp">
      <Filter>Rendering</Filter>
    </ClCompile>
    <ClCompile Include="Rendering\Renderer.cpp">
      <Filter>Rendering</Filter>
    </ClCompile>
    <ClCompile Include="Rendering\RenderThread.cpp">
      <Filter>Rendering</Filter>
    </ClCompile>
    <ClCompile Include="Rendering\ImGuiRenderCommand.cpp">
      <Filter>Rendering</Filter>
    </ClCompile>
    <ClCompile Include="Rendering\Debug\RenderingDebugPanel.cpp">
      <Filter>Rendering\Debug</Filter>
    </ClCompile>
    <ClCompile Include="Rendering\Debug\LightingDebugPanel.cpp">
      <Filter>Rendering\Debug</Filter>
    </ClCompile>
    <ClCompile Include="Rendering\Shadow\ShadowPassCommand.cpp">
      <Filter>Rendering\Shadow</Filter>
    </ClCompile>
    <ClCompile Include="Rendering\Shadow\HardShadowRenderer.cpp">
      <Filter>Rendering\Shadow</Filter>
    </ClCompile>
    <ClCompile Include="Rendering\Shadow\Debug\ShadowDebugPanel.cpp">
      <Filter>Rendering\Shadow\Debug</Filter>
    </ClCompile>
    <ClCompile Include="Rendering\PostProcess\BloomPassCommand.cpp">
      <Filter>Rendering\PostProcess</Filter>
    </ClCompile>
    <ClCompile Include="Rendering\PostProcess\BloomRenderer.cpp">
      <Filter>Rendering\PostProcess</Filter>
    </ClCompile>
    <ClCompile Include="Rendering\PostProcess\Debug\BloomDebugPanel.cpp">
      <Filter>Rendering\PostProcess\Debug</Filter>
    </ClCompile>
    <ClCompile Include="Rendering\Occlusion\ClusterCull.cpp">
      <Filter>Rendering\Occlusion</Filter>
    </ClCompile>
    <ClCompile Include="Rendering\Occlusion\GpuClusterCuller.cpp">
      <Filter>Rendering\Occlusion</Filter>
    </ClCompile>
    <ClCompile Include="Rendering\Occlusion\HiZRenderer.cpp">
      <Filter>Rendering\Occlusion</Filter>
    </ClCompile>
    <ClCompile Include="Rendering\Occlusion\HiZBuildCommand.cpp">
      <Filter>Rendering\Occlusion</Filter>
    </ClCompile>
    <ClCompile Include="Rendering\Occlusion\HiZReadbackCommand.cpp">
      <Filter>Rendering\Occlusion</Filter>
    </ClCompile>
    <ClCompile Include="Rendering\Occlusion\Debug\HiZDebugPanel.cpp">
      <Filter>Rendering\Occlusion\Debug</Filter>
    </ClCompile>
    <ClCompile Include="Rendering\Occlusion\Debug\CullingDebugPanel.cpp">
      <Filter>Rendering\Occlusion\Debug</Filter>
    </ClCompile>
    <ClCompile Include="Rendering\Deferred\DeferredRenderer.cpp">
      <Filter>Rendering\Deferred</Filter>
    </ClCompile>
    <ClCompile Include="Rendering\Deferred\GBufferItemCommand.cpp">
      <Filter>Rendering\Deferred</Filter>
    </ClCompile>
    <ClCompile Include="Rendering\Deferred\DeferredLightingCommand.cpp">
      <Filter>Rendering\Deferred</Filter>
    </ClCompile>
    <ClCompile Include="Rendering\Deferred\DeferredDecalCommand.cpp">
      <Filter>Rendering\Deferred</Filter>
    </ClCompile>
    <ClCompile Include="Rendering\Deferred\Debug\DeferredDebugPanel.cpp">
      <Filter>Rendering\Deferred\Debug</Filter>
    </ClCompile>
    <ClCompile Include="Terrain\HeightmapChunk.cpp">
      <Filter>Terrain</Filter>
    </ClCompile>
    <ClCompile Include="Terrain\HeightmapPainter.cpp">
      <Filter>Terrain</Filter>
    </ClCompile>
    <ClCompile Include="Terrain\SplatmapPainter.cpp">
      <Filter>Terrain</Filter>
    </ClCompile>
    <ClCompile Include="Component\TerrainComponent.cpp">
      <Filter>Component</Filter>
    </ClCompile>
    <ClCompile Include="Ocean\OceanMesh.cpp">
      <Filter>Ocean</Filter>
    </ClCompile>
    <ClCompile Include="Ocean\Debug\OceanDebugPanel.cpp">
      <Filter>Ocean\Debug</Filter>
    </ClCompile>
    <ClCompile Include="UI\Debug\UIEditorDebugPanel.cpp">
      <Filter>UI\Debug</Filter>
    </ClCompile>
    <ClCompile Include="UI\Debug\TextStyleEditorPanel.cpp">
      <Filter>UI\Debug</Filter>
    </ClCompile>
    <ClCompile Include="UI\Debug\UIAnimationEditor.cpp">
      <Filter>UI\Debug</Filter>
    </ClCompile>
    <ClCompile Include="UI\Animation\UIAnimationSerializer.cpp">
      <Filter>UI\Animation</Filter>
    </ClCompile>
    <ClCompile Include="UI\Font\TextStyle.cpp">
      <Filter>UI\Font</Filter>
    </ClCompile>
    <ClCompile Include="UI\Font\FontAsset.cpp">
      <Filter>UI\Font</Filter>
    </ClCompile>
    <ClCompile Include="UI\Font\FontResource.cpp">
      <Filter>UI\Font</Filter>
    </ClCompile>
    <ClCompile Include="UI\Font\TextLayout.cpp">
      <Filter>UI\Font</Filter>
    </ClCompile>
    <ClCompile Include="Component\OceanComponent.cpp">
      <Filter>Component</Filter>
    </ClCompile>
    <ClCompile Include="Rendering\OceanDrawCommand.cpp">
      <Filter>Rendering</Filter>
    </ClCompile>
    <ClCompile Include="Util\SimpleJson.cpp">
      <Filter>Util</Filter>
    </ClCompile>
    <ClCompile Include="UI\UIContext.cpp">
      <Filter>UI</Filter>
    </ClCompile>
    <ClCompile Include="UI\UIObject.cpp">
      <Filter>UI</Filter>
    </ClCompile>
    <ClCompile Include="UI\Screen\UIScreen.cpp">
      <Filter>UI\Screen</Filter>
    </ClCompile>
    <ClCompile Include="UI\Screen\UIScreenManager.cpp">
      <Filter>UI\Screen</Filter>
    </ClCompile>
    <ClCompile Include="UI\Input\UIInputSystem.cpp">
      <Filter>UI\Input</Filter>
    </ClCompile>
    <ClCompile Include="UI\Animation\UIAnimationSystem.cpp">
      <Filter>UI\Animation</Filter>
    </ClCompile>
    <ClCompile Include="UI\Animation\UIAnimationTrack.cpp">
      <Filter>UI\Animation</Filter>
    </ClCompile>
    <ClCompile Include="UI\Component\UIAnimationComponent.cpp">
      <Filter>UI\Component</Filter>
    </ClCompile>
    <ClCompile Include="UI\Rendering\UIBatchRenderCommand.cpp">
      <Filter>UI\Rendering</Filter>
    </ClCompile>
    <ClCompile Include="UI\Rendering\UIBatchRenderer.cpp">
      <Filter>UI\Rendering</Filter>
    </ClCompile>
    <ClCompile Include="UI\Rendering\UIRenderPipeline.cpp">
      <Filter>UI\Rendering</Filter>
    </ClCompile>
    <ClCompile Include="UI\Resource\UIDocumentLoader.cpp">
      <Filter>UI\Resource</Filter>
    </ClCompile>
    <ClCompile Include="UI\Resource\UIDocumentSerializer.cpp">
      <Filter>UI\Resource</Filter>
    </ClCompile>
    <ClCompile Include="Sound\SoundEngine.cpp">
      <Filter>Sound</Filter>
    </ClCompile>
    <ClCompile Include="Sound\SoundClip.cpp">
      <Filter>Sound</Filter>
    </ClCompile>
    <ClCompile Include="Sound\SoundStream.cpp">
      <Filter>Sound</Filter>
    </ClCompile>
    <ClCompile Include="Sound\SoundSource.cpp">
      <Filter>Sound</Filter>
    </ClCompile>
    <ClCompile Include="Sound\Mixer3D.cpp">
      <Filter>Sound</Filter>
    </ClCompile>
    <ClCompile Include="Sound\Component\AudioSourceComponent.cpp">
      <Filter>Sound\Component</Filter>
    </ClCompile>
    <ClCompile Include="Sound\Component\SoundSystem.cpp">
      <Filter>Sound\Component</Filter>
    </ClCompile>
    <ClCompile Include="Sound\Component\AudioEventEmitterComponent.cpp">
      <Filter>Sound\Component</Filter>
    </ClCompile>
    <ClCompile Include="Sound\Authoring\AudioBank.cpp">
      <Filter>Sound\Authoring</Filter>
    </ClCompile>
    <ClCompile Include="Sound\Authoring\AudioDirector.cpp">
      <Filter>Sound\Authoring</Filter>
    </ClCompile>
    <ClCompile Include="Sound\Authoring\Audio.cpp">
      <Filter>Sound\Authoring</Filter>
    </ClCompile>
    <ClCompile Include="Sound\Authoring\Debug\AudioAuthoringPanel.cpp">
      <Filter>Sound\Authoring\Debug</Filter>
    </ClCompile>
    <ClCompile Include="Sound\Decoder\WavDecoder.cpp">
      <Filter>Sound\Decoder</Filter>
    </ClCompile>
    <ClCompile Include="Sound\Decoder\WavStreamDecoder.cpp">
      <Filter>Sound\Decoder</Filter>
    </ClCompile>
    <ClCompile Include="Sound\Decoder\MFDecoder.cpp">
      <Filter>Sound\Decoder</Filter>
    </ClCompile>
    <ClCompile Include="Sound\XAudio2\XAudio2SoundBackend.cpp">
      <Filter>Sound\XAudio2</Filter>
    </ClCompile>
    <ClCompile Include="Sound\XAudio2\XAudio2SoundVoice.cpp">
      <Filter>Sound\XAudio2</Filter>
    </ClCompile>
    <ClCompile Include="Sound\Video\VideoPlayer.cpp">
      <Filter>Sound\Video</Filter>
    </ClCompile>
  </ItemGroup>
  <ItemGroup>
    <ClInclude Include="Core\Application.h">
      <Filter>Core</Filter>
    </ClInclude>
    <ClInclude Include="Core\IApplication.h">
      <Filter>Core</Filter>
    </ClInclude>
    <ClInclude Include="Core\DebugUI.h">
      <Filter>Core</Filter>
    </ClInclude>
    <ClInclude Include="Core\IDebugRenderable.h">
      <Filter>Core</Filter>
    </ClInclude>
    <ClInclude Include="Component\AnimationComponentSystem.h">
      <Filter>Component</Filter>
    </ClInclude>
    <ClInclude Include="Component\BodyComponentSystem.h">
      <Filter>Component</Filter>
    </ClInclude>
    <ClInclude Include="Component\DecalComponent.h">
      <Filter>Component</Filter>
    </ClInclude>
    <ClInclude Include="Component\TransformComponentSystem.h">
      <Filter>Component</Filter>
    </ClInclude>
    <ClInclude Include="Component\HierarchicalTransformComponent.h">
      <Filter>Component</Filter>
    </ClInclude>
    <ClInclude Include="Component\Prefab.h">
      <Filter>Component</Filter>
    </ClInclude>
    <ClInclude Include="ECS\Archetype.h">
      <Filter>ECS</Filter>
    </ClInclude>
    <ClInclude Include="ECS\ComponentRegistry.h">
      <Filter>ECS</Filter>
    </ClInclude>
    <ClInclude Include="ECS\SceneHierarchySystem.h">
      <Filter>ECS</Filter>
    </ClInclude>
    <ClInclude Include="ECS\EntityDebugTag.h">
      <Filter>ECS</Filter>
    </ClInclude>
    <ClInclude Include="ECS\ImGuiFieldVisitor.h">
      <Filter>ECS</Filter>
    </ClInclude>
    <ClInclude Include="ECS\Chunk.h">
      <Filter>ECS</Filter>
    </ClInclude>
    <ClInclude Include="ECS\ComponentArray.h">
      <Filter>ECS</Filter>
    </ClInclude>
    <ClInclude Include="ECS\ECS.h">
      <Filter>ECS</Filter>
    </ClInclude>
    <ClInclude Include="ECS\Entity.h">
      <Filter>ECS</Filter>
    </ClInclude>
    <ClInclude Include="ECS\EntityContext.h">
      <Filter>ECS</Filter>
    </ClInclude>
    <ClInclude Include="ECS\EntityManager.h">
      <Filter>ECS</Filter>
    </ClInclude>
    <ClInclude Include="ECS\EntityView.h">
      <Filter>ECS</Filter>
    </ClInclude>
    <ClInclude Include="ECS\IComponent.h">
      <Filter>ECS</Filter>
    </ClInclude>
    <ClInclude Include="ECS\System.h">
      <Filter>ECS</Filter>
    </ClInclude>
    <ClInclude Include="ECS\TypeInfo.h">
      <Filter>ECS</Filter>
    </ClInclude>
    <ClInclude Include="Engine.h" />
    <ClInclude Include="Platform\IPlatform.h">
      <Filter>Platform</Filter>
    </ClInclude>
    <ClInclude Include="Platform\PlatformBudget.h">
      <Filter>Platform</Filter>
    </ClInclude>
    <ClInclude Include="Platform\PlatformWin32.h">
      <Filter>Platform</Filter>
    </ClInclude>
    <ClInclude Include="aq.h" />
    <ClInclude Include="Graphics\AnimationClip.h">
      <Filter>Graphics</Filter>
    </ClInclude>
    <ClInclude Include="Graphics\Camera.h">
      <Filter>Graphics</Filter>
    </ClInclude>
    <ClInclude Include="Graphics\D3D11\D3D11Buffers.h">
      <Filter>Graphics\D3D11</Filter>
    </ClInclude>
    <ClInclude Include="Graphics\D3D11\D3D11DepthMap.h">
      <Filter>Graphics\D3D11</Filter>
    </ClInclude>
    <ClInclude Include="Graphics\D3D11\D3D11GraphicsDeviceImpl.h">
      <Filter>Graphics\D3D11</Filter>
    </ClInclude>
    <ClInclude Include="Graphics\D3D11\D3D11RenderContextImpl.h">
      <Filter>Graphics\D3D11</Filter>
    </ClInclude>
    <ClInclude Include="Graphics\D3D11\D3D11RenderResources.h">
      <Filter>Graphics\D3D11</Filter>
    </ClInclude>
    <ClInclude Include="Graphics\D3D11\D3D11Shader.h">
      <Filter>Graphics\D3D11</Filter>
    </ClInclude>
    <ClInclude Include="Graphics\D3D12\D3D12Buffers.h">
      <Filter>Graphics\D3D12</Filter>
    </ClInclude>
    <ClInclude Include="Graphics\D3D12\D3D12Common.h">
      <Filter>Graphics\D3D12</Filter>
    </ClInclude>
    <ClInclude Include="Graphics\D3D12\D3D12GraphicsDeviceImpl.h">
      <Filter>Graphics\D3D12</Filter>
    </ClInclude>
    <ClInclude Include="Graphics\D3D12\D3D12PipelineStateCache.h">
      <Filter>Graphics\D3D12</Filter>
    </ClInclude>
    <ClInclude Include="Graphics\D3D12\D3D12RenderContextImpl.h">
      <Filter>Graphics\D3D12</Filter>
    </ClInclude>
    <ClInclude Include="Graphics\D3D12\D3D12RootSignature.h">
      <Filter>Graphics\D3D12</Filter>
    </ClInclude>
    <ClInclude Include="Graphics\D3D12\D3D12GpuBuffer.h">
      <Filter>Graphics\D3D12</Filter>
    </ClInclude>
    <ClInclude Include="Graphics\IGpuBuffer.h">
      <Filter>Graphics</Filter>
    </ClInclude>
    <ClInclude Include="Graphics\D3D12\D3D12DepthMap.h">
      <Filter>Graphics\D3D12</Filter>
    </ClInclude>
    <ClInclude Include="Graphics\D3D12\D3D12ImGui.h">
      <Filter>Graphics\D3D12</Filter>
    </ClInclude>
    <ClInclude Include="Graphics\D3D12\D3D12RenderTarget.h">
      <Filter>Graphics\D3D12</Filter>
    </ClInclude>
    <ClInclude Include="Graphics\D3D12\D3D12Resources.h">
      <Filter>Graphics\D3D12</Filter>
    </ClInclude>
    <ClInclude Include="Graphics\D3D12\D3D12Shader.h">
      <Filter>Graphics\D3D12</Filter>
    </ClInclude>
    <ClInclude Include="Graphics\GPUBuffer.h">
      <Filter>Graphics</Filter>
    </ClInclude>
    <ClInclude Include="Graphics\GraphicsDevice.h">
      <Filter>Graphics</Filter>
    </ClInclude>
    <ClInclude Include="Graphics\GraphicsTypes.h">
      <Filter>Graphics</Filter>
    </ClInclude>
    <ClInclude Include="Graphics\IBuffer.h">
      <Filter>Graphics</Filter>
    </ClInclude>
    <ClInclude Include="Graphics\IDepthMap.h">
      <Filter>Graphics</Filter>
    </ClInclude>
    <ClInclude Include="Graphics\IGraphicsDeviceImpl.h">
      <Filter>Graphics</Filter>
    </ClInclude>
    <ClInclude Include="Graphics\IRenderContextImpl.h">
      <Filter>Graphics</Filter>
    </ClInclude>
    <ClInclude Include="Graphics\IRenderTarget.h">
      <Filter>Graphics</Filter>
    </ClInclude>
    <ClInclude Include="Graphics\ISamplerState.h">
      <Filter>Graphics</Filter>
    </ClInclude>
    <ClInclude Include="Graphics\IShader.h">
      <Filter>Graphics</Filter>
    </ClInclude>
    <ClInclude Include="Graphics\IShaderResourceView.h">
      <Filter>Graphics</Filter>
    </ClInclude>
    <ClInclude Include="Graphics\IUnorderedAccessView.h">
      <Filter>Graphics</Filter>
    </ClInclude>
    <ClInclude Include="Graphics\Lighting.h">
      <Filter>Graphics</Filter>
    </ClInclude>
    <ClInclude Include="Graphics\MaterialDef.h">
      <Filter>Graphics</Filter>
    </ClInclude>
    <ClInclude Include="Graphics\LightManager.h">
      <Filter>Graphics</Filter>
    </ClInclude>
    <ClInclude Include="Graphics\RenderContext.h">
      <Filter>Graphics</Filter>
    </ClInclude>
    <ClInclude Include="Graphics\Shader.h">
      <Filter>Graphics</Filter>
    </ClInclude>
    <ClInclude Include="Graphics\Meshlet.h">
      <Filter>Graphics</Filter>
    </ClInclude>
    <ClInclude Include="Graphics\SkeletalMesh.h">
      <Filter>Graphics</Filter>
    </ClInclude>
    <ClInclude Include="Graphics\StaticMesh.h">
      <Filter>Graphics</Filter>
    </ClInclude>
    <ClInclude Include="HID\ActionMap.h">
      <Filter>HID</Filter>
    </ClInclude>
    <ClInclude Include="HID\Input.h">
      <Filter>HID</Filter>
    </ClInclude>
    <ClInclude Include="HID\InputBinding.h">
      <Filter>HID</Filter>
    </ClInclude>
    <ClInclude Include="Util\JobSystem.h">
      <Filter>Util</Filter>
    </ClInclude>
    <ClInclude Include="Math\Bounds.h">
      <Filter>Math</Filter>
    </ClInclude>
    <ClInclude Include="Math\Matrix.h">
      <Filter>Math</Filter>
    </ClInclude>
    <ClInclude Include="Math\Utility.h">
      <Filter>Math</Filter>
    </ClInclude>
    <ClInclude Include="Math\Vector.h">
      <Filter>Math</Filter>
    </ClInclude>
    <ClInclude Include="Memory\AllocatedArray.h">
      <Filter>Memory</Filter>
    </ClInclude>
    <ClInclude Include="Memory\HeapAllocator.h">
      <Filter>Memory</Filter>
    </ClInclude>
    <ClInclude Include="Memory\IAllocator.h">
      <Filter>Memory</Filter>
    </ClInclude>
    <ClInclude Include="Memory\Memory.h">
      <Filter>Memory</Filter>
    </ClInclude>
    <ClInclude Include="Memory\MemoryManager.h">
      <Filter>Memory</Filter>
    </ClInclude>
    <ClInclude Include="Memory\MemoryTracker.h">
      <Filter>Memory</Filter>
    </ClInclude>
    <ClInclude Include="Memory\StackAllocator.h">
      <Filter>Memory</Filter>
    </ClInclude>
    <ClInclude Include="Memory\StdAllocatorAdapter.h">
      <Filter>Memory</Filter>
    </ClInclude>
    <ClInclude Include="Physics\BoxCollider.h">
      <Filter>Physics</Filter>
    </ClInclude>
    <ClInclude Include="Physics\BulletDbvtBroadphase.h">
      <Filter>Physics</Filter>
    </ClInclude>
    <ClInclude Include="Physics\BulletGhostNarrowphase.h">
      <Filter>Physics</Filter>
    </ClInclude>
    <ClInclude Include="Physics\BulletPhysics.h">
      <Filter>Physics</Filter>
    </ClInclude>
    <ClInclude Include="Physics\CapsuleCollider.h">
      <Filter>Physics</Filter>
    </ClInclude>
    <ClInclude Include="Physics\CharacterController.h">
      <Filter>Physics</Filter>
    </ClInclude>
    <ClInclude Include="Physics\Collider.h">
      <Filter>Physics</Filter>
    </ClInclude>
    <ClInclude Include="Physics\GhostBody.h">
      <Filter>Physics</Filter>
    </ClInclude>
    <ClInclude Include="Physics\GhostBodyManager.h">
      <Filter>Physics</Filter>
    </ClInclude>
    <ClInclude Include="Physics\GhostPrimitive.h">
      <Filter>Physics</Filter>
    </ClInclude>
    <ClInclude Include="Physics\IBroadphase.h">
      <Filter>Physics</Filter>
    </ClInclude>
    <ClInclude Include="Physics\IGhostNarrowphase.h">
      <Filter>Physics</Filter>
    </ClInclude>
    <ClInclude Include="Physics\Physics.h">
      <Filter>Physics</Filter>
    </ClInclude>
    <ClInclude Include="Physics\PhysicsBody.h">
      <Filter>Physics</Filter>
    </ClInclude>
    <ClInclude Include="Physics\PhysicsTypes.h">
      <Filter>Physics</Filter>
    </ClInclude>
    <ClInclude Include="Physics\SphereCollider.h">
      <Filter>Physics</Filter>
    </ClInclude>
    <ClInclude Include="Rendering\DrawItemCommand.h">
      <Filter>Rendering</Filter>
    </ClInclude>
    <ClInclude Include="Rendering\FrameCommands.h">
      <Filter>Rendering</Filter>
    </ClInclude>
    <ClInclude Include="Rendering\FrameContext.h">
      <Filter>Rendering</Filter>
    </ClInclude>
    <ClInclude Include="Rendering\IRenderCommand.h">
      <Filter>Rendering</Filter>
    </ClInclude>
    <ClInclude Include="Rendering\RenderCommandList.h">
      <Filter>Rendering</Filter>
    </ClInclude>
    <ClInclude Include="Rendering\RenderFrame.h">
      <Filter>Rendering</Filter>
    </ClInclude>
    <ClInclude Include="Rendering\Renderer.h">
      <Filter>Rendering</Filter>
    </ClInclude>
    <ClInclude Include="Rendering\RenderTargetHandle.h">
      <Filter>Rendering</Filter>
    </ClInclude>
    <ClInclude Include="Rendering\Debug\RenderingDebugPanel.h">
      <Filter>Rendering\Debug</Filter>
    </ClInclude>
    <ClInclude Include="Rendering\Debug\LightingDebugPanel.h">
      <Filter>Rendering\Debug</Filter>
    </ClInclude>
    <ClInclude Include="Rendering\RenderThread.h">
      <Filter>Rendering</Filter>
    </ClInclude>
    <ClInclude Include="Rendering\Shadow\HardShadowRenderer.h">
      <Filter>Rendering\Shadow</Filter>
    </ClInclude>
    <ClInclude Include="Rendering\Shadow\IShadowRenderer.h">
      <Filter>Rendering\Shadow</Filter>
    </ClInclude>
    <ClInclude Include="Rendering\Shadow\Debug\ShadowDebugPanel.h">
      <Filter>Rendering\Shadow\Debug</Filter>
    </ClInclude>
    <ClInclude Include="Rendering\Shadow\ShadowData.h">
      <Filter>Rendering\Shadow</Filter>
    </ClInclude>
    <ClInclude Include="Rendering\Shadow\ShadowPassCommand.h">
      <Filter>Rendering\Shadow</Filter>
    </ClInclude>
    <ClInclude Include="Rendering\PostProcess\Debug\BloomDebugPanel.h">
      <Filter>Rendering\PostProcess\Debug</Filter>
    </ClInclude>
    <ClInclude Include="Rendering\PostProcess\BloomPassCommand.h">
      <Filter>Rendering\PostProcess</Filter>
    </ClInclude>
    <ClInclude Include="Rendering\PostProcess\BloomRenderer.h">
      <Filter>Rendering\PostProcess</Filter>
    </ClInclude>
    <ClInclude Include="Rendering\PostProcess\IPostProcessRenderer.h">
      <Filter>Rendering\PostProcess</Filter>
    </ClInclude>
    <ClInclude Include="Resource\Resource.h">
      <Filter>Resource</Filter>
    </ClInclude>
    <ClInclude Include="Terrain\HeightmapChunk.h">
      <Filter>Terrain</Filter>
    </ClInclude>
    <ClInclude Include="Terrain\HeightmapPainter.h">
      <Filter>Terrain</Filter>
    </ClInclude>
    <ClInclude Include="Terrain\SplatmapPainter.h">
      <Filter>Terrain</Filter>
    </ClInclude>
    <ClInclude Include="Terrain\TerrainPaintTool.h">
      <Filter>Terrain</Filter>
    </ClInclude>
    <ClInclude Include="Component\TerrainComponent.h">
      <Filter>Component</Filter>
    </ClInclude>
    <ClInclude Include="Ocean\OceanData.h">
      <Filter>Ocean</Filter>
    </ClInclude>
    <ClInclude Include="Ocean\OceanMesh.h">
      <Filter>Ocean</Filter>
    </ClInclude>
    <ClInclude Include="Ocean\Debug\OceanDebugPanel.h">
      <Filter>Ocean\Debug</Filter>
    </ClInclude>
    <ClInclude Include="UI\Debug\UIEditorDebugPanel.h">
      <Filter>UI\Debug</Filter>
    </ClInclude>
    <ClInclude Include="UI\Debug\TextStyleEditorPanel.h">
      <Filter>UI\Debug</Filter>
    </ClInclude>
    <ClInclude Include="UI\Debug\UIAnimationEditor.h">
      <Filter>UI\Debug</Filter>
    </ClInclude>
    <ClInclude Include="UI\Animation\UIAnimationSerializer.h">
      <Filter>UI\Animation</Filter>
    </ClInclude>
    <ClInclude Include="UI\Font\TextStyle.h">
      <Filter>UI\Font</Filter>
    </ClInclude>
    <ClInclude Include="UI\Font\TextStyleCache.h">
      <Filter>UI\Font</Filter>
    </ClInclude>
    <ClInclude Include="UI\Font\FontAsset.h">
      <Filter>UI\Font</Filter>
    </ClInclude>
    <ClInclude Include="UI\Font\FontAssetCache.h">
      <Filter>UI\Font</Filter>
    </ClInclude>
    <ClInclude Include="UI\Font\FontResource.h">
      <Filter>UI\Font</Filter>
    </ClInclude>
    <ClInclude Include="UI\Font\TextLayout.h">
      <Filter>UI\Font</Filter>
    </ClInclude>
    <ClInclude Include="Component\OceanComponent.h">
      <Filter>Component</Filter>
    </ClInclude>
    <ClInclude Include="Rendering\OceanDrawCommand.h">
      <Filter>Rendering</Filter>
    </ClInclude>
    <ClInclude Include="Rendering\Deferred\IDeferredRenderer.h">
      <Filter>Rendering\Deferred</Filter>
    </ClInclude>
    <ClInclude Include="Rendering\Occlusion\ClusterCull.h">
      <Filter>Rendering\Occlusion</Filter>
    </ClInclude>
    <ClInclude Include="Rendering\Occlusion\GpuClusterCuller.h">
      <Filter>Rendering\Occlusion</Filter>
    </ClInclude>
    <ClInclude Include="Rendering\Occlusion\HiZRenderer.h">
      <Filter>Rendering\Occlusion</Filter>
    </ClInclude>
    <ClInclude Include="Rendering\Occlusion\HiZBuildCommand.h">
      <Filter>Rendering\Occlusion</Filter>
    </ClInclude>
    <ClInclude Include="Rendering\Occlusion\HiZReadbackCommand.h">
      <Filter>Rendering\Occlusion</Filter>
    </ClInclude>
    <ClInclude Include="Rendering\Occlusion\Debug\HiZDebugPanel.h">
      <Filter>Rendering\Occlusion\Debug</Filter>
    </ClInclude>
    <ClInclude Include="Rendering\Occlusion\Debug\CullingDebugPanel.h">
      <Filter>Rendering\Occlusion\Debug</Filter>
    </ClInclude>
    <ClInclude Include="Rendering\Occlusion\IOcclusionTester.h">
      <Filter>Rendering\Occlusion</Filter>
    </ClInclude>
    <ClInclude Include="Rendering\Deferred\DeferredRenderer.h">
      <Filter>Rendering\Deferred</Filter>
    </ClInclude>
    <ClInclude Include="Rendering\Deferred\GBufferItemCommand.h">
      <Filter>Rendering\Deferred</Filter>
    </ClInclude>
    <ClInclude Include="Rendering\Deferred\DeferredLightingCommand.h">
      <Filter>Rendering\Deferred</Filter>
    </ClInclude>
    <ClInclude Include="Rendering\Deferred\DeferredDecalCommand.h">
      <Filter>Rendering\Deferred</Filter>
    </ClInclude>
    <ClInclude Include="Rendering\Deferred\Debug\DeferredDebugPanel.h">
      <Filter>Rendering\Deferred\Debug</Filter>
    </ClInclude>
    <ClInclude Include="UI\UITypes.h">
      <Filter>UI</Filter>
    </ClInclude>
    <ClInclude Include="UI\UIContext.h">
      <Filter>UI</Filter>
    </ClInclude>
    <ClInclude Include="UI\UIObject.h">
      <Filter>UI</Filter>
    </ClInclude>
    <ClInclude Include="UI\Component\IUIComponent.h">
      <Filter>UI\Component</Filter>
    </ClInclude>
    <ClInclude Include="UI\Component\UITransformComponent.h">
      <Filter>UI\Component</Filter>
    </ClInclude>
    <ClInclude Include="UI\Component\UICanvasComponent.h">
      <Filter>UI\Component</Filter>
    </ClInclude>
    <ClInclude Include="UI\Component\UIButtonComponent.h">
      <Filter>UI\Component</Filter>
    </ClInclude>
    <ClInclude Include="UI\Component\UIImageComponent.h">
      <Filter>UI\Component</Filter>
    </ClInclude>
    <ClInclude Include="UI\Component\UINineSliceComponent.h">
      <Filter>UI\Component</Filter>
    </ClInclude>
    <ClInclude Include="UI\Component\UICircleGaugeComponent.h">
      <Filter>UI\Component</Filter>
    </ClInclude>
    <ClInclude Include="UI\Component\UIAnimationComponent.h">
      <Filter>UI\Component</Filter>
    </ClInclude>
    <ClInclude Include="UI\Screen\UIScreen.h">
      <Filter>UI\Screen</Filter>
    </ClInclude>
    <ClInclude Include="UI\Screen\UIScreenManager.h">
      <Filter>UI\Screen</Filter>
    </ClInclude>
    <ClInclude Include="UI\Input\UIAction.h">
      <Filter>UI\Input</Filter>
    </ClInclude>
    <ClInclude Include="UI\Input\UIInputSystem.h">
      <Filter>UI\Input</Filter>
    </ClInclude>
    <ClInclude Include="UI\Rendering\UIRenderItem.h">
      <Filter>UI\Rendering</Filter>
    </ClInclude>
    <ClInclude Include="UI\Rendering\UIBatchRenderCommand.h">
      <Filter>UI\Rendering</Filter>
    </ClInclude>
    <ClInclude Include="UI\Rendering\UIRenderPipeline.h">
      <Filter>UI\Rendering</Filter>
    </ClInclude>
    <ClInclude Include="UI\Rendering\UIBatchRenderer.h">
      <Filter>UI\Rendering</Filter>
    </ClInclude>
    <ClInclude Include="UI\Animation\UIAnimatedProperty.h">
      <Filter>UI\Animation</Filter>
    </ClInclude>
    <ClInclude Include="UI\Animation\UIAnimationTrack.h">
      <Filter>UI\Animation</Filter>
    </ClInclude>
    <ClInclude Include="UI\Animation\UIClipTrack.h">
      <Filter>UI\Animation</Filter>
    </ClInclude>
    <ClInclude Include="UI\Animation\UIAnimationClip.h">
      <Filter>UI\Animation</Filter>
    </ClInclude>
    <ClInclude Include="UI\Animation\UIAnimationSystem.h">
      <Filter>UI\Animation</Filter>
    </ClInclude>
    <ClInclude Include="UI\Resource\UIDocumentLoader.h">
      <Filter>UI\Resource</Filter>
    </ClInclude>
    <ClInclude Include="UI\Resource\UIDocumentSerializer.h">
      <Filter>UI\Resource</Filter>
    </ClInclude>
    <ClInclude Include="UI\Component\UITextComponent.h">
      <Filter>UI\Component</Filter>
    </ClInclude>
    <ClInclude Include="Util\CRC32.h">
      <Filter>Util</Filter>
    </ClInclude>
    <ClInclude Include="Util\GameTimer.h">
      <Filter>Util</Filter>
    </ClInclude>
    <ClInclude Include="Util\Profiler.h">
      <Filter>Util</Filter>
    </ClInclude>
    <ClInclude Include="Util\Debug\ProfilerDebugPanel.h">
      <Filter>Util\Debug</Filter>
    </ClInclude>
    <ClInclude Include="Util\ThreadPool.h">
      <Filter>Util</Filter>
    </ClInclude>
    <ClInclude Include="Util\SimpleJson.h">
      <Filter>Util</Filter>
    </ClInclude>
    <ClInclude Include="Utility.h" />
    <ClInclude Include="Sound\SoundTypes.h">
      <Filter>Sound</Filter>
    </ClInclude>
    <ClInclude Include="Sound\SoundHandle.h">
      <Filter>Sound</Filter>
    </ClInclude>
    <ClInclude Include="Sound\SoundFwd.h">
      <Filter>Sound</Filter>
    </ClInclude>
    <ClInclude Include="Sound\ISoundVoice.h">
      <Filter>Sound</Filter>
    </ClInclude>
    <ClInclude Include="Sound\ISoundBackend.h">
      <Filter>Sound</Filter>
    </ClInclude>
    <ClInclude Include="Sound\SoundClip.h">
      <Filter>Sound</Filter>
    </ClInclude>
    <ClInclude Include="Sound\SoundStream.h">
      <Filter>Sound</Filter>
    </ClInclude>
    <ClInclude Include="Sound\SoundListener.h">
      <Filter>Sound</Filter>
    </ClInclude>
    <ClInclude Include="Sound\SoundSource.h">
      <Filter>Sound</Filter>
    </ClInclude>
    <ClInclude Include="Sound\Mixer3D.h">
      <Filter>Sound</Filter>
    </ClInclude>
    <ClInclude Include="Sound\VolumeEnvelope.h">
      <Filter>Sound</Filter>
    </ClInclude>
    <ClInclude Include="Sound\Component\AudioListenerComponent.h">
      <Filter>Sound\Component</Filter>
    </ClInclude>
    <ClInclude Include="Sound\Component\AudioSourceComponent.h">
      <Filter>Sound\Component</Filter>
    </ClInclude>
    <ClInclude Include="Sound\Component\SoundSystem.h">
      <Filter>Sound\Component</Filter>
    </ClInclude>
    <ClInclude Include="Sound\Component\AudioEventEmitterComponent.h">
      <Filter>Sound\Component</Filter>
    </ClInclude>
    <ClInclude Include="Sound\Authoring\AudioDefs.h">
      <Filter>Sound\Authoring</Filter>
    </ClInclude>
    <ClInclude Include="Sound\Authoring\AudioBank.h">
      <Filter>Sound\Authoring</Filter>
    </ClInclude>
    <ClInclude Include="Sound\Authoring\AudioDirector.h">
      <Filter>Sound\Authoring</Filter>
    </ClInclude>
    <ClInclude Include="Sound\Authoring\Audio.h">
      <Filter>Sound\Authoring</Filter>
    </ClInclude>
    <ClInclude Include="Sound\Authoring\Debug\AudioAuthoringPanel.h">
      <Filter>Sound\Authoring\Debug</Filter>
    </ClInclude>
    <ClInclude Include="Sound\SoundEngine.h">
      <Filter>Sound</Filter>
    </ClInclude>
    <ClInclude Include="Sound\SoundBackend.h">
      <Filter>Sound</Filter>
    </ClInclude>
    <ClInclude Include="Sound\Decoder\ISoundDecoder.h">
      <Filter>Sound\Decoder</Filter>
    </ClInclude>
    <ClInclude Include="Sound\Decoder\WavDecoder.h">
      <Filter>Sound\Decoder</Filter>
    </ClInclude>
    <ClInclude Include="Sound\Decoder\WavStreamDecoder.h">
      <Filter>Sound\Decoder</Filter>
    </ClInclude>
    <ClInclude Include="Sound\Decoder\MFDecoder.h">
      <Filter>Sound\Decoder</Filter>
    </ClInclude>
    <ClInclude Include="Sound\XAudio2\XAudio2SoundBackend.h">
      <Filter>Sound\XAudio2</Filter>
    </ClInclude>
    <ClInclude Include="Sound\XAudio2\XAudio2SoundVoice.h">
      <Filter>Sound\XAudio2</Filter>
    </ClInclude>
    <ClInclude Include="Sound\Video\VideoPlayer.h">
      <Filter>Sound\Video</Filter>
    </ClInclude>
  </ItemGroup>
</Project>
